// !$*UTF8*$!
{
	archiveVersion = 1;
	classes = {
	};
	objectVersion = 50;
	objects = {

/* Begin PBXBuildFile section */
		4DA0451D24D9F407000CC90E /* AppDelegate.swift in Sources */ = {isa = PBXBuildFile; fileRef = 4DA0451C24D9F407000CC90E /* AppDelegate.swift */; };
		4DA0451F24D9F407000CC90E /* SceneDelegate.swift in Sources */ = {isa = PBXBuildFile; fileRef = 4DA0451E24D9F407000CC90E /* SceneDelegate.swift */; };
		4DA0452124D9F407000CC90E /* ContentView.swift in Sources */ = {isa = PBXBuildFile; fileRef = 4DA0452024D9F407000CC90E /* ContentView.swift */; };
		4DA0452324D9F40A000CC90E /* Assets.xcassets in Resources */ = {isa = PBXBuildFile; fileRef = 4DA0452224D9F40A000CC90E /* Assets.xcassets */; };
		4DA0452624D9F40A000CC90E /* Preview Assets.xcassets in Resources */ = {isa = PBXBuildFile; fileRef = 4DA0452524D9F40A000CC90E /* Preview Assets.xcassets */; };
		4DA0452924D9F40A000CC90E /* LaunchScreen.storyboard in Resources */ = {isa = PBXBuildFile; fileRef = 4DA0452724D9F40A000CC90E /* LaunchScreen.storyboard */; };
		4DA0453224DA0A2D000CC90E /* friends.swift in Sources */ = {isa = PBXBuildFile; fileRef = 4DA0453124DA0A2D000CC90E /* friends.swift */; };
/* End PBXBuildFile section */

/* Begin PBXFileReference section */
		4DA0451924D9F407000CC90E /* useState.app */ = {isa = PBXFileReference; explicitFileType = wrapper.application; includeInIndex = 0; path = useState.app; sourceTree = BUILT_PRODUCTS_DIR; };
		4DA0451C24D9F407000CC90E /* AppDelegate.swift */ = {isa = PBXFileReference; lastKnownFileType = sourcecode.swift; path = AppDelegate.swift; sourceTree = "<group>"; };
		4DA0451E24D9F407000CC90E /* SceneDelegate.swift */ = {isa = PBXFileReference; lastKnownFileType = sourcecode.swift; path = SceneDelegate.swift; sourceTree = "<group>"; };
		4DA0452024D9F407000CC90E /* ContentView.swift */ = {isa = PBXFileReference; lastKnownFileType = sourcecode.swift; path = ContentView.swift; sourceTree = "<group>"; };
		4DA0452224D9F40A000CC90E /* Assets.xcassets */ = {isa = PBXFileReference; lastKnownFileType = folder.assetcatalog; path = Assets.xcassets; sourceTree = "<group>"; };
		4DA0452524D9F40A000CC90E /* Preview Assets.xcassets */ = {isa = PBXFileReference; lastKnownFileType = folder.assetcatalog; path = "Preview Assets.xcassets"; sourceTree = "<group>"; };
		4DA0452824D9F40A000CC90E /* Base */ = {isa = PBXFileReference; lastKnownFileType = file.storyboard; name = Base; path = Base.lproj/LaunchScreen.storyboard; sourceTree = "<group>"; };
		4DA0452A24D9F40A000CC90E /* Info.plist */ = {isa = PBXFileReference; lastKnownFileType = text.plist.xml; path = Info.plist; sourceTree = "<group>"; };
		4DA0453124DA0A2D000CC90E /* friends.swift */ = {isa = PBXFileReference; lastKnownFileType = sourcecode.swift; path = friends.swift; sourceTree = "<group>"; };
/* End PBXFileReference section */

/* Begin PBXFrameworksBuildPhase section */
		4DA0451624D9F407000CC90E /* Frameworks */ = {
			isa = PBXFrameworksBuildPhase;
			buildActionMask = 2147483647;
			files = (
			);
			runOnlyForDeploymentPostprocessing = 0;
		};
/* End PBXFrameworksBuildPhase section */

/* Begin PBXGroup section */
		4DA0451024D9F407000CC90E = {
			isa = PBXGroup;
			children = (
				4DA0451B24D9F407000CC90E /* useState */,
				4DA0451A24D9F407000CC90E /* Products */,
			);
			sourceTree = "<group>";
		};
		4DA0451A24D9F407000CC90E /* Products */ = {
			isa = PBXGroup;
			children = (
				4DA0451924D9F407000CC90E /* useState.app */,
			);
			name = Products;
			sourceTree = "<group>";
		};
		4DA0451B24D9F407000CC90E /* useState */ = {
			isa = PBXGroup;
			children = (
				4DA0451C24D9F407000CC90E /* AppDelegate.swift */,
				4DA0451E24D9F407000CC90E /* SceneDelegate.swift */,
				4DA0452024D9F407000CC90E /* ContentView.swift */,
				4DA0452224D9F40A000CC90E /* Assets.xcassets */,
				4DA0452724D9F40A000CC90E /* LaunchScreen.storyboard */,
				4DA0452A24D9F40A000CC90E /* Info.plist */,
				4DA0452424D9F40A000CC90E /* Preview Content */,
				4DA0453124DA0A2D000CC90E /* friends.swift */,
			);
			path = useState;
			sourceTree = "<group>";
		};
		4DA0452424D9F40A000CC90E /* Preview Content */ = {
			isa = PBXGroup;
			children = (
				4DA0452524D9F40A000CC90E /* Preview Assets.xcassets */,
			);
			path = "Preview Content";
			sourceTree = "<group>";
		};
/* End PBXGroup section */

/* Begin PBXNativeTarget section */
		4DA0451824D9F407000CC90E /* useState */ = {
			isa = PBXNativeTarget;
			buildConfigurationList = 4DA0452D24D9F40A000CC90E /* Build configuration list for PBXNativeTarget "useState" */;
			buildPhases = (
				4DA0451524D9F407000CC90E /* Sources */,
				4DA0451624D9F407000CC90E /* Frameworks */,
				4DA0451724D9F407000CC90E /* Resources */,
			);
			buildRules = (
			);
			dependencies = (
			);
			name = useState;
			productName = useState;
			productReference = 4DA0451924D9F407000CC90E /* useState.app */;
			productType = "com.apple.product-type.application";
		};
/* End PBXNativeTarget section */

/* Begin PBXProject section */
		4DA0451124D9F407000CC90E /* Project object */ = {
			isa = PBXProject;
			attributes = {
				LastSwiftUpdateCheck = 1160;
				LastUpgradeCheck = 1160;
				ORGANIZATIONNAME = alcode;
				TargetAttributes = {
					4DA0451824D9F407000CC90E = {
						CreatedOnToolsVersion = 11.6;
					};
				};
			};
			buildConfigurationList = 4DA0451424D9F407000CC90E /* Build configuration list for PBXProject "useState" */;
			compatibilityVersion = "Xcode 9.3";
			developmentRegion = en;
			hasScannedForEncodings = 0;
			knownRegions = (
				en,
				Base,
			);
			mainGroup = 4DA0451024D9F407000CC90E;
			productRefGroup = 4DA0451A24D9F407000CC90E /* Products */;
			projectDirPath = "";
			projectRoot = "";
			targets = (
				4DA0451824D9F407000CC90E /* useState */,
			);
		};
/* End PBXProject section */

/* Begin PBXResourcesBuildPhase section */
		4DA0451724D9F407000CC90E /* Resources */ = {
			isa = PBXResourcesBuildPhase;
			buildActionMask = 2147483647;
			files = (
				4DA0452924D9F40A000CC90E /* LaunchScreen.storyboard in Resources */,
				4DA0452624D9F40A000CC90E /* Preview Assets.xcassets in Resources */,
				4DA0452324D9F40A000CC90E /* Assets.xcassets in Resources */,
			);
			runOnlyForDeploymentPostprocessing = 0;
		};
/* End PBXResourcesBuildPhase section */

/* Begin PBXSourcesBuildPhase section */
		4DA0451524D9F407000CC90E /* Sources */ = {
			isa = PBXSourcesBuildPhase;
			buildActionMask = 2147483647;
			files = (
				4DA0451D24D9F407000CC90E /* AppDelegate.swift in Sources */,
				4DA0451F24D9F407000CC90E /* SceneDelegate.swift in Sources */,
				4DA0452124D9F407000CC90E /* ContentView.swift in Sources */,
				4DA0453224DA0A2D000CC90E /* friends.swift in Sources */,
			);
			runOnlyForDeploymentPostprocessing = 0;
		};
/* End PBXSourcesBuildPhase section */

/* Begin PBXVariantGroup section */
		4DA0452724D9F40A000CC90E /* LaunchScreen.storyboard */ = {
			isa = PBXVariantGroup;
			children = (
				4DA0452824D9F40A000CC90E /* Base */,
			);
			name = LaunchScreen.storyboard;
			sourceTree = "<group>";
		};
/* End PBXVariantGroup section */

/* Begin XCBuildConfiguration section */
		4DA0452B24D9F40A000CC90E /* Debug */ = {
			isa = XCBuildConfiguration;
			buildSettings = {
				ALWAYS_SEARCH_USER_PATHS = NO;
				CLANG_ANALYZER_NONNULL = YES;
				CLANG_ANALYZER_NUMBER_OBJECT_CONVERSION = YES_AGGRESSIVE;
				CLANG_CXX_LANGUAGE_STANDARD = "gnu++14";
				CLANG_CXX_LIBRARY = "libc++";
				CLANG_ENABLE_MODULES = YES;
				CLANG_ENABLE_OBJC_ARC = YES;
				CLANG_ENABLE_OBJC_WEAK = YES;
				CLANG_WARN_BLOCK_CAPTURE_AUTORELEASING = YES;
				CLANG_WARN_BOOL_CONVERSION = YES;
				CLANG_WARN_COMMA = YES;
				CLANG_WARN_CONSTANT_CONVERSION = YES;
				CLANG_WARN_DEPRECATED_OBJC_IMPLEMENTATIONS = YES;
				CLANG_WARN_DIRECT_OBJC_ISA_USAGE = YES_ERROR;
				CLANG_WARN_DOCUMENTATION_COMMENTS = YES;
				CLANG_WARN_EMPTY_BODY = YES;
				CLANG_WARN_ENUM_CONVERSION = YES;
				CLANG_WARN_INFINITE_RECURSION = YES;
				CLANG_WARN_INT_CONVERSION = YES;
				CLANG_WARN_NON_LITERAL_NULL_CONVERSION = YES;
				CLANG_WARN_OBJC_IMPLICIT_RETAIN_SELF = YES;
				CLANG_WARN_OBJC_LITERAL_CONVERSION = YES;
				CLANG_WARN_OBJC_ROOT_CLASS = YES_ERROR;
				CLANG_WARN_RANGE_LOOP_ANALYSIS = YES;
				CLANG_WARN_STRICT_PROTOTYPES = YES;
				CLANG_WARN_SUSPICIOUS_MOVE = YES;
				CLANG_WARN_UNGUARDED_AVAILABILITY = YES_AGGRESSIVE;
				CLANG_WARN_UNREACHABLE_CODE = YES;
				CLANG_WARN__DUPLICATE_METHOD_MATCH = YES;
				COPY_PHASE_STRIP = NO;
				DEBUG_INFORMATION_FORMAT = dwarf;
				ENABLE_STRICT_OBJC_MSGSEND = YES;
				ENABLE_TESTABILITY = YES;
				GCC_C_LANGUAGE_STANDARD = gnu11;
				GCC_DYNAMIC_NO_PIC = NO;
				GCC_NO_COMMON_BLOCKS = YES;
				GCC_OPTIMIZATION_LEVEL = 0;
				GCC_PREPROCESSOR_DEFINITIONS = (
					"DEBUG=1",
					"$(inherited)",
				);
				GCC_WARN_64_TO_32_BIT_CONVERSION = YES;
				GCC_WARN_ABOUT_RETURN_TYPE = YES_ERROR;
				GCC_WARN_UNDECLARED_SELECTOR = YES;
				GCC_WARN_UNINITIALIZED_AUTOS = YES_AGGRESSIVE;
				GCC_WARN_UNUSED_FUNCTION = YES;
				GCC_WARN_UNUSED_VARIABLE = YES;
				IPHONEOS_DEPLOYMENT_TARGET = 13.6;
				MTL_ENABLE_DEBUG_INFO = INCLUDE_SOURCE;
				MTL_FAST_MATH = YES;
				ONLY_ACTIVE_ARCH = YES;
				SDKROOT = iphoneos;
				SWIFT_ACTIVE_COMPILATION_CONDITIONS = DEBUG;
				SWIFT_OPTIMIZATION_LEVEL = "-Onone";
			};
			name = Debug;
		};
		4DA0452C24D9F40A000CC90E /* Release */ = {
			isa = XCBuildConfiguration;
			buildSettings = {
				ALWAYS_SEARCH_USER_PATHS = NO;
				CLANG_ANALYZER_NONNULL = YES;
				CLANG_ANALYZER_NUMBER_OBJECT_CONVERSION = YES_AGGRESSIVE;
				CLANG_CXX_LANGUAGE_STANDARD = "gnu++14";
				CLANG_CXX_LIBRARY = "libc++";
				CLANG_ENABLE_MODULES = YES;
				CLANG_ENABLE_OBJC_ARC = YES;
				CLANG_ENABLE_OBJC_WEAK = YES;
				CLANG_WARN_BLOCK_CAPTURE_AUTORELEASING = YES;
				CLANG_WARN_BOOL_CONVERSION = YES;
				CLANG_WARN_COMMA = YES;
				CLANG_WARN_CONSTANT_CONVERSION = YES;
				CLANG_WARN_DEPRECATED_OBJC_IMPLEMENTATIONS = YES;
				CLANG_WARN_DIRECT_OBJC_ISA_USAGE = YES_ERROR;
				CLANG_WARN_DOCUMENTATION_COMMENTS = YES;
				CLANG_WARN_EMPTY_BODY = YES;
				CLANG_WARN_ENUM_CONVERSION = YES;
				CLANG_WARN_INFINITE_RECURSION = YES;
				CLANG_WARN_INT_CONVERSION = YES;
				CLANG_WARN_NON_LITERAL_NULL_CONVERSION = YES;
				CLANG_WARN_OBJC_IMPLICIT_RETAIN_SELF = YES;
				CLANG_WARN_OBJC_LITERAL_CONVERSION = YES;
				CLANG_WARN_OBJC_ROOT_CLASS = YES_ERROR;
				CLANG_WARN_RANGE_LOOP_ANALYSIS = YES;
				CLANG_WARN_STRICT_PROTOTYPES = YES;
				CLANG_WARN_SUSPICIOUS_MOVE = YES;
				CLANG_WARN_UNGUARDED_AVAILABILITY = YES_AGGRESSIVE;
				CLANG_WARN_UNREACHABLE_CODE = YES;
				CLANG_WARN__DUPLICATE_METHOD_MATCH = YES;
				COPY_PHASE_STRIP = NO;
				DEBUG_INFORMATION_FORMAT = "dwarf-with-dsym";
				ENABLE_NS_ASSERTIONS = NO;
				ENABLE_STRICT_OBJC_MSGSEND = YES;
				GCC_C_LANGUAGE_STANDARD = gnu11;
				GCC_NO_COMMON_BLOCKS = YES;
				GCC_WARN_64_TO_32_BIT_CONVERSION = YES;
				GCC_WARN_ABOUT_RETURN_TYPE = YES_ERROR;
				GCC_WARN_UNDECLARED_SELECTOR = YES;
				GCC_WARN_UNINITIALIZED_AUTOS = YES_AGGRESSIVE;
				GCC_WARN_UNUSED_FUNCTION = YES;
				GCC_WARN_UNUSED_VARIABLE = YES;
				IPHONEOS_DEPLOYMENT_TARGET = 13.6;
				MTL_ENABLE_DEBUG_INFO = NO;
				MTL_FAST_MATH = YES;
				SDKROOT = iphoneos;
				SWIFT_COMPILATION_MODE = wholemodule;
				SWIFT_OPTIMIZATION_LEVEL = "-O";
				VALIDATE_PRODUCT = YES;
			};
			name = Release;
		};
		4DA0452E24D9F40A000CC90E /* Debug */ = {
			isa = XCBuildConfiguration;
			buildSettings = {
				ASSETCATALOG_COMPILER_APPICON_NAME = AppIcon;
				CODE_SIGN_STYLE = Automatic;
				DEVELOPMENT_ASSET_PATHS = "\"useState/Preview Content\"";
				DEVELOPMENT_TEAM = 3B3TF6M4D3;
				ENABLE_PREVIEWS = YES;
				INFOPLIST_FILE = useState/Info.plist;
				LD_RUNPATH_SEARCH_PATHS = (
					"$(inherited)",
					"@executable_path/Frameworks",
				);
				PRODUCT_BUNDLE_IDENTIFIER = com.alcode.useState;
				PRODUCT_NAME = "$(TARGET_NAME)";
				SWIFT_VERSION = 5.0;
				TARGETED_DEVICE_FAMILY = "1,2";
			};
			name = Debug;
		};
		4DA0452F24D9F40A000CC90E /* Release */ = {
			isa = XCBuildConfiguration;
			buildSettings = {
				ASSETCATALOG_COMPILER_APPICON_NAME = AppIcon;
				CODE_SIGN_STYLE = Automatic;
				DEVELOPMENT_ASSET_PATHS = "\"useState/Preview Content\"";
				DEVELOPMENT_TEAM = 3B3TF6M4D3;
				ENABLE_PREVIEWS = YES;
				INFOPLIST_FILE = useState/Info.plist;
				LD_RUNPATH_SEARCH_PATHS = (
					"$(inherited)",
					"@executable_path/Frameworks",
				);
				PRODUCT_BUNDLE_IDENTIFIER = com.alcode.useState;
				PRODUCT_NAME = "$(TARGET_NAME)";
				SWIFT_VERSION = 5.0;
				TARGETED_DEVICE_FAMILY = "1,2";
			};
			name = Release;
		};
/* End XCBuildConfiguration section */

/* Begin XCConfigurationList section */
		4DA0451424D9F407000CC90E /* Build configuration list for PBXProject "useState" */ = {
			isa = XCConfigurationList;
			buildConfigurations = (
				4DA0452B24D9F40A000CC90E /* Debug */,
				4DA0452C24D9F40A000CC90E /* Release */,
			);
			defaultConfigurationIsVisible = 0;
			defaultConfigurationName = Release;
		};
		4DA0452D24D9F40A000CC90E /* Build configuration list for PBXNativeTarget "useState" */ = {
			isa = XCConfigurationList;
			buildConfigurations = (
				4DA0452E24D9F40A000CC90E /* Debug */,
				4DA0452F24D9F40A000CC90E /* Release */,
			);
			defaultConfigurationIsVisible = 0;
			defaultConfigurationName = Release;
		};
/* End XCConfigurationList section */
	};
	rootObject = 4DA0451124D9F407000CC90E /* Project object */;
}
